
Microsoft Visual Studio Solution File, Format Version 12.00
# Visual Studio Version 17
VisualStudioVersion = 17.12.35514.174
MinimumVisualStudioVersion = 10.0.40219.1
Project("{FAE04EC0-301F-11D3-BF4B-00C04F79EFBC}") = "EstadoCuenta_Prueba_Web", "EstadoCuenta_Prueba_Web\EstadoCuenta_Prueba_Web.csproj", "{AF35A270-1F9E-4CF8-8F64-9069A51C825D}"
EndProject
Project("{FAE04EC0-301F-11D3-BF4B-00C04F79EFBC}") = "Configuration", "Configuration\Configuration.csproj", "{09B90FE1-041C-4468-A9E5-EC6E8A3F9AF0}"
EndProject
Project("{FAE04EC0-301F-11D3-BF4B-00C04F79EFBC}") = "Infraestructure", "Infraestructure\Infraestructure.csproj", "{368EA86B-7B7D-4259-9F03-BF0393B0D0F1}"
EndProject
Project("{FAE04EC0-301F-11D3-BF4B-00C04F79EFBC}") = "InterfaceAdapter", "InterfaceAdapter\InterfaceAdapter.csproj", "{F18C76B0-0F24-41B4-B284-BD09A3D0784F}"
EndProject
Project("{FAE04EC0-301F-11D3-BF4B-00C04F79EFBC}") = "BussinesLogic", "BussinesLogic\BussinesLogic.csproj", "{79F64B06-4378-45BB-9049-6149B8330F62}"
EndProject
Project("{FAE04EC0-301F-11D3-BF4B-00C04F79EFBC}") = "ViewModels", "ViewModels\ViewModels.csproj", "{7D0A0EBA-29C0-43B4-AC56-FBBF0CDD5306}"
EndProject
Project("{FAE04EC0-301F-11D3-BF4B-00C04F79EFBC}") = "Services", "Services\Services.csproj", "{B7F95261-C50C-40F8-BEA3-EE32F37C9E66}"
EndProject
Global
	GlobalSection(SolutionConfigurationPlatforms) = preSolution
		Debug|Any CPU = Debug|Any CPU
		Release|Any CPU = Release|Any CPU
	EndGlobalSection
	GlobalSection(ProjectConfigurationPlatforms) = postSolution
		{AF35A270-1F9E-4CF8-8F64-9069A51C825D}.Debug|Any CPU.ActiveCfg = Debug|Any CPU
		{AF35A270-1F9E-4CF8-8F64-9069A51C825D}.Debug|Any CPU.Build.0 = Debug|Any CPU
		{AF35A270-1F9E-4CF8-8F64-9069A51C825D}.Release|Any CPU.ActiveCfg = Release|Any CPU
		{AF35A270-1F9E-4CF8-8F64-9069A51C825D}.Release|Any CPU.Build.0 = Release|Any CPU
		{09B90FE1-041C-4468-A9E5-EC6E8A3F9AF0}.Debug|Any CPU.ActiveCfg = Debug|Any CPU
		{09B90FE1-041C-4468-A9E5-EC6E8A3F9AF0}.Debug|Any CPU.Build.0 = Debug|Any CPU
		{09B90FE1-041C-4468-A9E5-EC6E8A3F9AF0}.Release|Any CPU.ActiveCfg = Release|Any CPU
		{09B90FE1-041C-4468-A9E5-EC6E8A3F9AF0}.Release|Any CPU.Build.0 = Release|Any CPU
		{368EA86B-7B7D-4259-9F03-BF0393B0D0F1}.Debug|Any CPU.ActiveCfg = Debug|Any CPU
		{368EA86B-7B7D-4259-9F03-BF0393B0D0F1}.Debug|Any CPU.Build.0 = Debug|Any CPU
		{368EA86B-7B7D-4259-9F03-BF0393B0D0F1}.Release|Any CPU.ActiveCfg = Release|Any CPU
		{368EA86B-7B7D-4259-9F03-BF0393B0D0F1}.Release|Any CPU.Build.0 = Release|Any CPU
		{F18C76B0-0F24-41B4-B284-BD09A3D0784F}.Debug|Any CPU.ActiveCfg = Debug|Any CPU
		{F18C76B0-0F24-41B4-B284-BD09A3D0784F}.Debug|Any CPU.Build.0 = Debug|Any CPU
		{F18C76B0-0F24-41B4-B284-BD09A3D0784F}.Release|Any CPU.ActiveCfg = Release|Any CPU
		{F18C76B0-0F24-41B4-B284-BD09A3D0784F}.Release|Any CPU.Build.0 = Release|Any CPU
		{79F64B06-4378-45BB-9049-6149B8330F62}.Debug|Any CPU.ActiveCfg = Debug|Any CPU
		{79F64B06-4378-45BB-9049-6149B8330F62}.Debug|Any CPU.Build.0 = Debug|Any CPU
		{79F64B06-4378-45BB-9049-6149B8330F62}.Release|Any CPU.ActiveCfg = Release|Any CPU
		{79F64B06-4378-45BB-9049-6149B8330F62}.Release|Any CPU.Build.0 = Release|Any CPU
		{7D0A0EBA-29C0-43B4-AC56-FBBF0CDD5306}.Debug|Any CPU.ActiveCfg = Debug|Any CPU
		{7D0A0EBA-29C0-43B4-AC56-FBBF0CDD5306}.Debug|Any CPU.Build.0 = Debug|Any CPU
		{7D0A0EBA-29C0-43B4-AC56-FBBF0CDD5306}.Release|Any CPU.ActiveCfg = Release|Any CPU
		{7D0A0EBA-29C0-43B4-AC56-FBBF0CDD5306}.Release|Any CPU.Build.0 = Release|Any CPU
		{B7F95261-C50C-40F8-BEA3-EE32F37C9E66}.Debug|Any CPU.ActiveCfg = Debug|Any CPU
		{B7F95261-C50C-40F8-BEA3-EE32F37C9E66}.Debug|Any CPU.Build.0 = Debug|Any CPU
		{B7F95261-C50C-40F8-BEA3-EE32F37C9E66}.Release|Any CPU.ActiveCfg = Release|Any CPU
		{B7F95261-C50C-40F8-BEA3-EE32F37C9E66}.Release|Any CPU.Build.0 = Release|Any CPU
	EndGlobalSection
	GlobalSection(SolutionProperties) = preSolution
		HideSolutionNode = FALSE
	EndGlobalSection
EndGlobal
